
Microsoft Visual Studio Solution File, Format Version 12.00
Project("{2150E333-8FDC-42A3-9474-1A3956D46DE8}") = "src", "src", "{2FB733B6-00FF-483D-B22B-07633A50D862}"
EndProject
Project("{2150E333-8FDC-42A3-9474-1A3956D46DE8}") = "shared", "shared", "{AD5EA787-BF3F-436A-A3D9-F769D9DE3C28}"
EndProject
Project("{2150E333-8FDC-42A3-9474-1A3956D46DE8}") = "acme-file-importer", "acme-file-importer", "{222F775F-B860-4F38-85EF-49773C7AB957}"
EndProject
Project("{FAE04EC0-301F-11D3-BF4B-00C04F79EFBC}") = "Acme.FileImporter.Api", "acme-file-importer\Acme.FileImporter.Api\Acme.FileImporter.Api.csproj", "{84F969E0-DD90-44ED-B702-48FE6C0D5F66}"
EndProject
Project("{FAE04EC0-301F-11D3-BF4B-00C04F79EFBC}") = "Acme.FileImporter.Core", "acme-file-importer\Acme.FileImporter.Core\Acme.FileImporter.Core.csproj", "{DB2225CA-B968-4E4C-9E42-68C6F17BA88E}"
EndProject
Project("{FAE04EC0-301F-11D3-BF4B-00C04F79EFBC}") = "Acme.Data", "shared\Acme.Data\Acme.Data.csproj", "{889E610C-2185-49DE-A77A-6509D9E00C57}"
EndProject
Project("{2150E333-8FDC-42A3-9474-1A3956D46DE8}") = "acme-api", "acme-api", "{73128D70-1038-43C1-AB45-DB1E4561F829}"
EndProject
Project("{FAE04EC0-301F-11D3-BF4B-00C04F79EFBC}") = "Acme.Core", "acme-api\Acme.Core\Acme.Core.csproj", "{B6789977-CC3A-4C07-A683-2387D10E0C93}"
EndProject
Project("{FAE04EC0-301F-11D3-BF4B-00C04F79EFBC}") = "Acme.Api", "acme-api\Acme.Api\Acme.Api.csproj", "{B5EA9611-AEE6-47FA-868A-FAB5A78DF0AA}"
EndProject
Project("{FAE04EC0-301F-11D3-BF4B-00C04F79EFBC}") = "Acme.Utilities.BackgroundJobs", "shared\Acme.Utilities.BackgroundJobs\Acme.Utilities.BackgroundJobs.csproj", "{D6AB5A36-0CE6-4718-8161-341305AD6055}"
EndProject
Project("{FAE04EC0-301F-11D3-BF4B-00C04F79EFBC}") = "Acme.Core.Tests", "acme-api\Acme.Core.Tests\Acme.Core.Tests.csproj", "{DF8E254B-F98F-4D63-A283-E2DEFA6AF158}"
EndProject
Project("{FAE04EC0-301F-11D3-BF4B-00C04F79EFBC}") = "Acme.FileImporter.Core.Tests", "acme-file-importer\Acme.FileImporter.Core.Tests\Acme.FileImporter.Core.Tests.csproj", "{4F86756B-7FA1-4521-9FF2-930820C25D14}"
EndProject
Global
	GlobalSection(SolutionConfigurationPlatforms) = preSolution
		Debug|Any CPU = Debug|Any CPU
		Release|Any CPU = Release|Any CPU
	EndGlobalSection
	GlobalSection(NestedProjects) = preSolution
		{AD5EA787-BF3F-436A-A3D9-F769D9DE3C28} = {2FB733B6-00FF-483D-B22B-07633A50D862}
		{222F775F-B860-4F38-85EF-49773C7AB957} = {2FB733B6-00FF-483D-B22B-07633A50D862}
		{84F969E0-DD90-44ED-B702-48FE6C0D5F66} = {222F775F-B860-4F38-85EF-49773C7AB957}
		{DB2225CA-B968-4E4C-9E42-68C6F17BA88E} = {222F775F-B860-4F38-85EF-49773C7AB957}
		{889E610C-2185-49DE-A77A-6509D9E00C57} = {AD5EA787-BF3F-436A-A3D9-F769D9DE3C28}
		{73128D70-1038-43C1-AB45-DB1E4561F829} = {2FB733B6-00FF-483D-B22B-07633A50D862}
		{B6789977-CC3A-4C07-A683-2387D10E0C93} = {73128D70-1038-43C1-AB45-DB1E4561F829}
		{B5EA9611-AEE6-47FA-868A-FAB5A78DF0AA} = {73128D70-1038-43C1-AB45-DB1E4561F829}
		{D6AB5A36-0CE6-4718-8161-341305AD6055} = {AD5EA787-BF3F-436A-A3D9-F769D9DE3C28}
		{DF8E254B-F98F-4D63-A283-E2DEFA6AF158} = {73128D70-1038-43C1-AB45-DB1E4561F829}
		{4F86756B-7FA1-4521-9FF2-930820C25D14} = {222F775F-B860-4F38-85EF-49773C7AB957}
	EndGlobalSection
	GlobalSection(ProjectConfigurationPlatforms) = postSolution
		{84F969E0-DD90-44ED-B702-48FE6C0D5F66}.Debug|Any CPU.ActiveCfg = Debug|Any CPU
		{84F969E0-DD90-44ED-B702-48FE6C0D5F66}.Debug|Any CPU.Build.0 = Debug|Any CPU
		{84F969E0-DD90-44ED-B702-48FE6C0D5F66}.Release|Any CPU.ActiveCfg = Release|Any CPU
		{84F969E0-DD90-44ED-B702-48FE6C0D5F66}.Release|Any CPU.Build.0 = Release|Any CPU
		{DB2225CA-B968-4E4C-9E42-68C6F17BA88E}.Debug|Any CPU.ActiveCfg = Debug|Any CPU
		{DB2225CA-B968-4E4C-9E42-68C6F17BA88E}.Debug|Any CPU.Build.0 = Debug|Any CPU
		{DB2225CA-B968-4E4C-9E42-68C6F17BA88E}.Release|Any CPU.ActiveCfg = Release|Any CPU
		{DB2225CA-B968-4E4C-9E42-68C6F17BA88E}.Release|Any CPU.Build.0 = Release|Any CPU
		{889E610C-2185-49DE-A77A-6509D9E00C57}.Debug|Any CPU.ActiveCfg = Debug|Any CPU
		{889E610C-2185-49DE-A77A-6509D9E00C57}.Debug|Any CPU.Build.0 = Debug|Any CPU
		{889E610C-2185-49DE-A77A-6509D9E00C57}.Release|Any CPU.ActiveCfg = Release|Any CPU
		{889E610C-2185-49DE-A77A-6509D9E00C57}.Release|Any CPU.Build.0 = Release|Any CPU
		{B6789977-CC3A-4C07-A683-2387D10E0C93}.Debug|Any CPU.ActiveCfg = Debug|Any CPU
		{B6789977-CC3A-4C07-A683-2387D10E0C93}.Debug|Any CPU.Build.0 = Debug|Any CPU
		{B6789977-CC3A-4C07-A683-2387D10E0C93}.Release|Any CPU.ActiveCfg = Release|Any CPU
		{B6789977-CC3A-4C07-A683-2387D10E0C93}.Release|Any CPU.Build.0 = Release|Any CPU
		{B5EA9611-AEE6-47FA-868A-FAB5A78DF0AA}.Debug|Any CPU.ActiveCfg = Debug|Any CPU
		{B5EA9611-AEE6-47FA-868A-FAB5A78DF0AA}.Debug|Any CPU.Build.0 = Debug|Any CPU
		{B5EA9611-AEE6-47FA-868A-FAB5A78DF0AA}.Release|Any CPU.ActiveCfg = Release|Any CPU
		{B5EA9611-AEE6-47FA-868A-FAB5A78DF0AA}.Release|Any CPU.Build.0 = Release|Any CPU
		{D6AB5A36-0CE6-4718-8161-341305AD6055}.Debug|Any CPU.ActiveCfg = Debug|Any CPU
		{D6AB5A36-0CE6-4718-8161-341305AD6055}.Debug|Any CPU.Build.0 = Debug|Any CPU
		{D6AB5A36-0CE6-4718-8161-341305AD6055}.Release|Any CPU.ActiveCfg = Release|Any CPU
		{D6AB5A36-0CE6-4718-8161-341305AD6055}.Release|Any CPU.Build.0 = Release|Any CPU
		{DF8E254B-F98F-4D63-A283-E2DEFA6AF158}.Debug|Any CPU.ActiveCfg = Debug|Any CPU
		{DF8E254B-F98F-4D63-A283-E2DEFA6AF158}.Debug|Any CPU.Build.0 = Debug|Any CPU
		{DF8E254B-F98F-4D63-A283-E2DEFA6AF158}.Release|Any CPU.ActiveCfg = Release|Any CPU
		{DF8E254B-F98F-4D63-A283-E2DEFA6AF158}.Release|Any CPU.Build.0 = Release|Any CPU
		{4F86756B-7FA1-4521-9FF2-930820C25D14}.Debug|Any CPU.ActiveCfg = Debug|Any CPU
		{4F86756B-7FA1-4521-9FF2-930820C25D14}.Debug|Any CPU.Build.0 = Debug|Any CPU
		{4F86756B-7FA1-4521-9FF2-930820C25D14}.Release|Any CPU.ActiveCfg = Release|Any CPU
		{4F86756B-7FA1-4521-9FF2-930820C25D14}.Release|Any CPU.Build.0 = Release|Any CPU
	EndGlobalSection
EndGlobal
